// !$*UTF8*$!
{
	archiveVersion = 1;
	classes = {
	};
	objectVersion = 46;
	objects = {

/* Begin PBXBuildFile section */
		04355A5F12316F5CE6A8E4FC /* WeatherForecastConfiguratorTests.swift in Sources */ = {isa = PBXBuildFile; fileRef = AE41D5197F27D49C17F52C6D /* WeatherForecastConfiguratorTests.swift */; };
		0B81953AA08F77FBC99E2A13 /* DetailWeatherModuleInput.swift in Sources */ = {isa = PBXBuildFile; fileRef = B1CA87987372D8CB0A5CAF55 /* DetailWeatherModuleInput.swift */; };
		0EFCA6545082A829E578B73C /* WeatherForecastRouterInput.swift in Sources */ = {isa = PBXBuildFile; fileRef = 35A474C257C6AD3370F7F60D /* WeatherForecastRouterInput.swift */; };
		133645309E876FBE9957E880 /* DetailWeatherInteractor.swift in Sources */ = {isa = PBXBuildFile; fileRef = 946F1EBC923EE3C9201ABCEC /* DetailWeatherInteractor.swift */; };
		1DCB4C16E11C683A60FAF32F /* WeatherForecastRouterTests.swift in Sources */ = {isa = PBXBuildFile; fileRef = 4B2C7E13403DC34086EB2BDB /* WeatherForecastRouterTests.swift */; };
		211B1290DBA88BDEF9FCC8C7 /* DetailWeatherInteractorInput.swift in Sources */ = {isa = PBXBuildFile; fileRef = 1D0FE0B88435EBE90DB3114E /* DetailWeatherInteractorInput.swift */; };
		2C376C850B227B4B21CD96F3 /* DetailWeatherRouter.swift in Sources */ = {isa = PBXBuildFile; fileRef = 306C8DEB979B15D9A032A0AC /* DetailWeatherRouter.swift */; };
		2F0445171078AE54B45A2410 /* WeatherForecastInteractorInput.swift in Sources */ = {isa = PBXBuildFile; fileRef = 2F36162634868D5572A2CF7D /* WeatherForecastInteractorInput.swift */; };
		30B6F3EADDA4F77685C547CD /* WeatherForecastViewTests.swift in Sources */ = {isa = PBXBuildFile; fileRef = 8C82FC449E51BF94B0E1559A /* WeatherForecastViewTests.swift */; };
		31E3B2AE397998096C8723DD /* DetailWeatherViewOutput.swift in Sources */ = {isa = PBXBuildFile; fileRef = A17E597144C29EAC89BE0C7F /* DetailWeatherViewOutput.swift */; };
		356E0931E3F0B1FE4CB299B5 /* WeatherForecastViewController.swift in Sources */ = {isa = PBXBuildFile; fileRef = BE7486AE4EE12B548E858FBD /* WeatherForecastViewController.swift */; };
		4A4A64802D7A31D03B3138CC /* DetailWeatherViewController.swift in Sources */ = {isa = PBXBuildFile; fileRef = 34762E65FD23E63F98435ED4 /* DetailWeatherViewController.swift */; };
		4FE5D051DE19A541B6BECA60 /* DetailWeatherPresenter.swift in Sources */ = {isa = PBXBuildFile; fileRef = 40715D1A1BA22C9E9C841749 /* DetailWeatherPresenter.swift */; };
		557D4DB57B50E4D96AB801DF /* DetailWeatherViewTests.swift in Sources */ = {isa = PBXBuildFile; fileRef = 34D127484AFBF79C614F8634 /* DetailWeatherViewTests.swift */; };
		63217B06D2B7210DFA309218 /* WeatherForecastPresenter.swift in Sources */ = {isa = PBXBuildFile; fileRef = B66B9532E98A4F9D99F311A5 /* WeatherForecastPresenter.swift */; };
		778545121E52EFD700285F46 /* ServicesAssembly.swift in Sources */ = {isa = PBXBuildFile; fileRef = 778545111E52EFD700285F46 /* ServicesAssembly.swift */; };
		778545141E52FBF700285F46 /* DataService.swift in Sources */ = {isa = PBXBuildFile; fileRef = 778545131E52FBF700285F46 /* DataService.swift */; };
		778545171E52FE7A00285F46 /* Basic.xcdatamodeld in Sources */ = {isa = PBXBuildFile; fileRef = 778545151E52FE7A00285F46 /* Basic.xcdatamodeld */; };
		77866AAF1E4B04CD00AA9407 /* AppDelegate.swift in Sources */ = {isa = PBXBuildFile; fileRef = 77866AAE1E4B04CD00AA9407 /* AppDelegate.swift */; };
		77866AB41E4B04CD00AA9407 /* Main.storyboard in Resources */ = {isa = PBXBuildFile; fileRef = 77866AB21E4B04CD00AA9407 /* Main.storyboard */; };
		77866AB61E4B04CD00AA9407 /* Assets.xcassets in Resources */ = {isa = PBXBuildFile; fileRef = 77866AB51E4B04CD00AA9407 /* Assets.xcassets */; };
		77866AB91E4B04CD00AA9407 /* LaunchScreen.storyboard in Resources */ = {isa = PBXBuildFile; fileRef = 77866AB71E4B04CD00AA9407 /* LaunchScreen.storyboard */; };
		77866AC41E4B04CD00AA9407 /* AwesomeWeatherTests.swift in Sources */ = {isa = PBXBuildFile; fileRef = 77866AC31E4B04CD00AA9407 /* AwesomeWeatherTests.swift */; };
		77A38B4D1E519ED300C501E5 /* WeatherForecastAssembly.swift in Sources */ = {isa = PBXBuildFile; fileRef = 77A38B4C1E519ED300C501E5 /* WeatherForecastAssembly.swift */; };
		77A38B4F1E51ABD900C501E5 /* DetailWeatherAssembly.swift in Sources */ = {isa = PBXBuildFile; fileRef = 77A38B4E1E51ABD900C501E5 /* DetailWeatherAssembly.swift */; };
		77A38B521E51B68B00C501E5 /* ApplicationAssembly.swift in Sources */ = {isa = PBXBuildFile; fileRef = 77A38B511E51B68B00C501E5 /* ApplicationAssembly.swift */; };
		77AD039B1E532CBF00FE3932 /* Weather.swift in Sources */ = {isa = PBXBuildFile; fileRef = 77AD039A1E532CBF00FE3932 /* Weather.swift */; };
		77AD039E1E5335D800FE3932 /* WeatherProviderService.swift in Sources */ = {isa = PBXBuildFile; fileRef = 77AD039D1E5335D800FE3932 /* WeatherProviderService.swift */; };
		77AD03A01E544C9800FE3932 /* WeatherDataStoreService.swift in Sources */ = {isa = PBXBuildFile; fileRef = 77AD039F1E544C9800FE3932 /* WeatherDataStoreService.swift */; };
		77AD03A31E55974800FE3932 /* WeatherDetailsData+CoreDataClass.swift in Sources */ = {isa = PBXBuildFile; fileRef = 77AD03A11E55974800FE3932 /* WeatherDetailsData+CoreDataClass.swift */; };
		77AD03A41E55974800FE3932 /* WeatherDetailsData+CoreDataProperties.swift in Sources */ = {isa = PBXBuildFile; fileRef = 77AD03A21E55974800FE3932 /* WeatherDetailsData+CoreDataProperties.swift */; };
		77AF8CCF1E4B77A30086403B /* WeatherService.swift in Sources */ = {isa = PBXBuildFile; fileRef = 77AF8CCE1E4B77A30086403B /* WeatherService.swift */; };
		77AF8CE61E4C88F50086403B /* WeatherForecastTableViewCell.swift in Sources */ = {isa = PBXBuildFile; fileRef = 77AF8CE51E4C88F50086403B /* WeatherForecastTableViewCell.swift */; };
		77D37C701E5329E7004EFB53 /* City.swift in Sources */ = {isa = PBXBuildFile; fileRef = 77D37C671E5329E7004EFB53 /* City.swift */; };
		77D37C711E5329E7004EFB53 /* Clouds.swift in Sources */ = {isa = PBXBuildFile; fileRef = 77D37C681E5329E7004EFB53 /* Clouds.swift */; };
		77D37C721E5329E7004EFB53 /* Coord.swift in Sources */ = {isa = PBXBuildFile; fileRef = 77D37C691E5329E7004EFB53 /* Coord.swift */; };
		77D37C731E5329E7004EFB53 /* Main.swift in Sources */ = {isa = PBXBuildFile; fileRef = 77D37C6A1E5329E7004EFB53 /* Main.swift */; };
		77D37C741E5329E7004EFB53 /* Rain.swift in Sources */ = {isa = PBXBuildFile; fileRef = 77D37C6B1E5329E7004EFB53 /* Rain.swift */; };
		77D37C751E5329E7004EFB53 /* WeatherDescription.swift in Sources */ = {isa = PBXBuildFile; fileRef = 77D37C6C1E5329E7004EFB53 /* WeatherDescription.swift */; };
		77D37C761E5329E7004EFB53 /* WeatherDetails.swift in Sources */ = {isa = PBXBuildFile; fileRef = 77D37C6D1E5329E7004EFB53 /* WeatherDetails.swift */; };
		77D37C771E5329E7004EFB53 /* WeatherResponse.swift in Sources */ = {isa = PBXBuildFile; fileRef = 77D37C6E1E5329E7004EFB53 /* WeatherResponse.swift */; };
		77D37C781E5329E7004EFB53 /* Wind.swift in Sources */ = {isa = PBXBuildFile; fileRef = 77D37C6F1E5329E7004EFB53 /* Wind.swift */; };
		7EF40FB7D6ECFD7FEAE24C27 /* DetailWeatherViewInput.swift in Sources */ = {isa = PBXBuildFile; fileRef = 8805D6646DDA74C7C2256D44 /* DetailWeatherViewInput.swift */; };
		81AF0E8ACD2D63EE9B861092 /* WeatherForecastInteractorTests.swift in Sources */ = {isa = PBXBuildFile; fileRef = 4867889233613FF763F2CD7E /* WeatherForecastInteractorTests.swift */; };
		833176CB4EEA50D023C3D041 /* WeatherForecastInteractor.swift in Sources */ = {isa = PBXBuildFile; fileRef = 036C29217DB951628619DA8A /* WeatherForecastInteractor.swift */; };
		8A0E0E7ADCBA236553109E43 /* WeatherForecastViewInput.swift in Sources */ = {isa = PBXBuildFile; fileRef = D9D88CC781FCA7358E886399 /* WeatherForecastViewInput.swift */; };
		9188658DAB3FC7EB4436C609 /* WeatherForecastInteractorOutput.swift in Sources */ = {isa = PBXBuildFile; fileRef = 11F083A144BDBAC6DEAF8AF9 /* WeatherForecastInteractorOutput.swift */; };
		9AFD55BE254219C2A8B89E5F /* DetailWeatherInteractorTests.swift in Sources */ = {isa = PBXBuildFile; fileRef = C40DB917314C7FA69A6C3E71 /* DetailWeatherInteractorTests.swift */; };
		9BA98BD5B95AAFD198EC77CD /* Pods_AwesomeWeatherTests.framework in Frameworks */ = {isa = PBXBuildFile; fileRef = FA7B69850B2345C48F69F485 /* Pods_AwesomeWeatherTests.framework */; };
		A864AEF6EBC3DB3483721879 /* Pods_AwesomeWeather.framework in Frameworks */ = {isa = PBXBuildFile; fileRef = 3892A811F22066C4103A4DAC /* Pods_AwesomeWeather.framework */; };
		B84C29FAFC2684B3E388525E /* WeatherForecastPresenterTests.swift in Sources */ = {isa = PBXBuildFile; fileRef = E0424DCAA12A72A65CA194C6 /* WeatherForecastPresenterTests.swift */; };
		BC10E788DF098F2D1EA4124A /* WeatherForecastRouter.swift in Sources */ = {isa = PBXBuildFile; fileRef = 0DFF7D35B406952F5D25B3B3 /* WeatherForecastRouter.swift */; };
		D1D2C170D0CC65382A9B4CF8 /* DetailWeatherRouterInput.swift in Sources */ = {isa = PBXBuildFile; fileRef = 877C0AF1383464012D24C879 /* DetailWeatherRouterInput.swift */; };
		D6AA89408949F8D3ECD362FE /* DetailWeatherInteractorOutput.swift in Sources */ = {isa = PBXBuildFile; fileRef = 2C4345F095E362CD7BF9EC2F /* DetailWeatherInteractorOutput.swift */; };
		EAFF189BD36E74ED501482F7 /* WeatherForecastModuleInput.swift in Sources */ = {isa = PBXBuildFile; fileRef = 128A09837473A948A6DC5A1E /* WeatherForecastModuleInput.swift */; };
		EED386506431CC2E20F04F8A /* DetailWeatherRouterTests.swift in Sources */ = {isa = PBXBuildFile; fileRef = 6B5D9B4A07457E50C3F7A5ED /* DetailWeatherRouterTests.swift */; };
		F404771C4B2755C9E6AF6BF4 /* DetailWeatherPresenterTests.swift in Sources */ = {isa = PBXBuildFile; fileRef = 63BD44A84ECA7A54824B2A0C /* DetailWeatherPresenterTests.swift */; };
		F693FF9605773ACE37CB0702 /* DetailWeatherConfiguratorTests.swift in Sources */ = {isa = PBXBuildFile; fileRef = 4648C9496FA28E9210870D87 /* DetailWeatherConfiguratorTests.swift */; };
		F6D9812973460ABC9DFC7852 /* WeatherForecastViewOutput.swift in Sources */ = {isa = PBXBuildFile; fileRef = 316A64612F7E5D6EA958431E /* WeatherForecastViewOutput.swift */; };
/* End PBXBuildFile section */

/* Begin PBXContainerItemProxy section */
		77866AC01E4B04CD00AA9407 /* PBXContainerItemProxy */ = {
			isa = PBXContainerItemProxy;
			containerPortal = 77866AA31E4B04CD00AA9407 /* Project object */;
			proxyType = 1;
			remoteGlobalIDString = 77866AAA1E4B04CD00AA9407;
			remoteInfo = AwesomeWeather;
		};
/* End PBXContainerItemProxy section */

/* Begin PBXFileReference section */
		036C29217DB951628619DA8A /* WeatherForecastInteractor.swift */ = {isa = PBXFileReference; includeInIndex = 1; lastKnownFileType = sourcecode.swift; path = WeatherForecastInteractor.swift; sourceTree = "<group>"; };
		0DFF7D35B406952F5D25B3B3 /* WeatherForecastRouter.swift */ = {isa = PBXFileReference; includeInIndex = 1; lastKnownFileType = sourcecode.swift; path = WeatherForecastRouter.swift; sourceTree = "<group>"; };
		11F083A144BDBAC6DEAF8AF9 /* WeatherForecastInteractorOutput.swift */ = {isa = PBXFileReference; includeInIndex = 1; lastKnownFileType = sourcecode.swift; path = WeatherForecastInteractorOutput.swift; sourceTree = "<group>"; };
		128A09837473A948A6DC5A1E /* WeatherForecastModuleInput.swift */ = {isa = PBXFileReference; includeInIndex = 1; lastKnownFileType = sourcecode.swift; path = WeatherForecastModuleInput.swift; sourceTree = "<group>"; };
		1D0FE0B88435EBE90DB3114E /* DetailWeatherInteractorInput.swift */ = {isa = PBXFileReference; includeInIndex = 1; lastKnownFileType = sourcecode.swift; path = DetailWeatherInteractorInput.swift; sourceTree = "<group>"; };
		1E67DE163E08232008E2F14C /* Pods-AwesomeWeatherTests.release.xcconfig */ = {isa = PBXFileReference; includeInIndex = 1; lastKnownFileType = text.xcconfig; name = "Pods-AwesomeWeatherTests.release.xcconfig"; path = "Pods/Target Support Files/Pods-AwesomeWeatherTests/Pods-AwesomeWeatherTests.release.xcconfig"; sourceTree = "<group>"; };
		2C4345F095E362CD7BF9EC2F /* DetailWeatherInteractorOutput.swift */ = {isa = PBXFileReference; includeInIndex = 1; lastKnownFileType = sourcecode.swift; path = DetailWeatherInteractorOutput.swift; sourceTree = "<group>"; };
		2F36162634868D5572A2CF7D /* WeatherForecastInteractorInput.swift */ = {isa = PBXFileReference; includeInIndex = 1; lastKnownFileType = sourcecode.swift; path = WeatherForecastInteractorInput.swift; sourceTree = "<group>"; };
		306C8DEB979B15D9A032A0AC /* DetailWeatherRouter.swift */ = {isa = PBXFileReference; includeInIndex = 1; lastKnownFileType = sourcecode.swift; path = DetailWeatherRouter.swift; sourceTree = "<group>"; };
		316A64612F7E5D6EA958431E /* WeatherForecastViewOutput.swift */ = {isa = PBXFileReference; includeInIndex = 1; lastKnownFileType = sourcecode.swift; path = WeatherForecastViewOutput.swift; sourceTree = "<group>"; };
		34762E65FD23E63F98435ED4 /* DetailWeatherViewController.swift */ = {isa = PBXFileReference; includeInIndex = 1; lastKnownFileType = sourcecode.swift; path = DetailWeatherViewController.swift; sourceTree = "<group>"; };
		34D127484AFBF79C614F8634 /* DetailWeatherViewTests.swift */ = {isa = PBXFileReference; includeInIndex = 1; lastKnownFileType = sourcecode.swift; path = DetailWeatherViewTests.swift; sourceTree = "<group>"; };
		35A474C257C6AD3370F7F60D /* WeatherForecastRouterInput.swift */ = {isa = PBXFileReference; includeInIndex = 1; lastKnownFileType = sourcecode.swift; path = WeatherForecastRouterInput.swift; sourceTree = "<group>"; };
		3892A811F22066C4103A4DAC /* Pods_AwesomeWeather.framework */ = {isa = PBXFileReference; explicitFileType = wrapper.framework; includeInIndex = 0; path = Pods_AwesomeWeather.framework; sourceTree = BUILT_PRODUCTS_DIR; };
		40715D1A1BA22C9E9C841749 /* DetailWeatherPresenter.swift */ = {isa = PBXFileReference; includeInIndex = 1; lastKnownFileType = sourcecode.swift; path = DetailWeatherPresenter.swift; sourceTree = "<group>"; };
		41A4D37C8EE29275B7207472 /* Pods-AwesomeWeather.debug.xcconfig */ = {isa = PBXFileReference; includeInIndex = 1; lastKnownFileType = text.xcconfig; name = "Pods-AwesomeWeather.debug.xcconfig"; path = "Pods/Target Support Files/Pods-AwesomeWeather/Pods-AwesomeWeather.debug.xcconfig"; sourceTree = "<group>"; };
		4648C9496FA28E9210870D87 /* DetailWeatherConfiguratorTests.swift */ = {isa = PBXFileReference; includeInIndex = 1; lastKnownFileType = sourcecode.swift; path = DetailWeatherConfiguratorTests.swift; sourceTree = "<group>"; };
		4867889233613FF763F2CD7E /* WeatherForecastInteractorTests.swift */ = {isa = PBXFileReference; includeInIndex = 1; lastKnownFileType = sourcecode.swift; path = WeatherForecastInteractorTests.swift; sourceTree = "<group>"; };
		4B2C7E13403DC34086EB2BDB /* WeatherForecastRouterTests.swift */ = {isa = PBXFileReference; includeInIndex = 1; lastKnownFileType = sourcecode.swift; path = WeatherForecastRouterTests.swift; sourceTree = "<group>"; };
		63BD44A84ECA7A54824B2A0C /* DetailWeatherPresenterTests.swift */ = {isa = PBXFileReference; includeInIndex = 1; lastKnownFileType = sourcecode.swift; path = DetailWeatherPresenterTests.swift; sourceTree = "<group>"; };
		6B5D9B4A07457E50C3F7A5ED /* DetailWeatherRouterTests.swift */ = {isa = PBXFileReference; includeInIndex = 1; lastKnownFileType = sourcecode.swift; path = DetailWeatherRouterTests.swift; sourceTree = "<group>"; };
		778545111E52EFD700285F46 /* ServicesAssembly.swift */ = {isa = PBXFileReference; fileEncoding = 4; lastKnownFileType = sourcecode.swift; path = ServicesAssembly.swift; sourceTree = "<group>"; };
		778545131E52FBF700285F46 /* DataService.swift */ = {isa = PBXFileReference; fileEncoding = 4; lastKnownFileType = sourcecode.swift; path = DataService.swift; sourceTree = "<group>"; };
		778545161E52FE7A00285F46 /* Basic.xcdatamodel */ = {isa = PBXFileReference; lastKnownFileType = wrapper.xcdatamodel; path = Basic.xcdatamodel; sourceTree = "<group>"; };
		77866AAB1E4B04CD00AA9407 /* AwesomeWeather.app */ = {isa = PBXFileReference; explicitFileType = wrapper.application; includeInIndex = 0; path = AwesomeWeather.app; sourceTree = BUILT_PRODUCTS_DIR; };
		77866AAE1E4B04CD00AA9407 /* AppDelegate.swift */ = {isa = PBXFileReference; lastKnownFileType = sourcecode.swift; path = AppDelegate.swift; sourceTree = "<group>"; };
		77866AB31E4B04CD00AA9407 /* Base */ = {isa = PBXFileReference; lastKnownFileType = file.storyboard; name = Base; path = Base.lproj/Main.storyboard; sourceTree = "<group>"; };
		77866AB51E4B04CD00AA9407 /* Assets.xcassets */ = {isa = PBXFileReference; lastKnownFileType = folder.assetcatalog; path = Assets.xcassets; sourceTree = "<group>"; };
		77866AB81E4B04CD00AA9407 /* Base */ = {isa = PBXFileReference; lastKnownFileType = file.storyboard; name = Base; path = Base.lproj/LaunchScreen.storyboard; sourceTree = "<group>"; };
		77866ABA1E4B04CD00AA9407 /* Info.plist */ = {isa = PBXFileReference; lastKnownFileType = text.plist.xml; path = Info.plist; sourceTree = "<group>"; };
		77866ABF1E4B04CD00AA9407 /* AwesomeWeatherTests.xctest */ = {isa = PBXFileReference; explicitFileType = wrapper.cfbundle; includeInIndex = 0; path = AwesomeWeatherTests.xctest; sourceTree = BUILT_PRODUCTS_DIR; };
		77866AC31E4B04CD00AA9407 /* AwesomeWeatherTests.swift */ = {isa = PBXFileReference; lastKnownFileType = sourcecode.swift; path = AwesomeWeatherTests.swift; sourceTree = "<group>"; };
		77866AC51E4B04CD00AA9407 /* Info.plist */ = {isa = PBXFileReference; lastKnownFileType = text.plist.xml; path = Info.plist; sourceTree = "<group>"; };
		77A38B4C1E519ED300C501E5 /* WeatherForecastAssembly.swift */ = {isa = PBXFileReference; fileEncoding = 4; lastKnownFileType = sourcecode.swift; path = WeatherForecastAssembly.swift; sourceTree = "<group>"; };
		77A38B4E1E51ABD900C501E5 /* DetailWeatherAssembly.swift */ = {isa = PBXFileReference; fileEncoding = 4; lastKnownFileType = sourcecode.swift; path = DetailWeatherAssembly.swift; sourceTree = "<group>"; };
		77A38B511E51B68B00C501E5 /* ApplicationAssembly.swift */ = {isa = PBXFileReference; fileEncoding = 4; lastKnownFileType = sourcecode.swift; path = ApplicationAssembly.swift; sourceTree = "<group>"; };
		77AD039A1E532CBF00FE3932 /* Weather.swift */ = {isa = PBXFileReference; fileEncoding = 4; lastKnownFileType = sourcecode.swift; path = Weather.swift; sourceTree = "<group>"; };
		77AD039D1E5335D800FE3932 /* WeatherProviderService.swift */ = {isa = PBXFileReference; fileEncoding = 4; lastKnownFileType = sourcecode.swift; path = WeatherProviderService.swift; sourceTree = "<group>"; };
		77AD039F1E544C9800FE3932 /* WeatherDataStoreService.swift */ = {isa = PBXFileReference; fileEncoding = 4; lastKnownFileType = sourcecode.swift; path = WeatherDataStoreService.swift; sourceTree = "<group>"; };
		77AD03A11E55974800FE3932 /* WeatherDetailsData+CoreDataClass.swift */ = {isa = PBXFileReference; fileEncoding = 4; lastKnownFileType = sourcecode.swift; path = "WeatherDetailsData+CoreDataClass.swift"; sourceTree = "<group>"; };
		77AD03A21E55974800FE3932 /* WeatherDetailsData+CoreDataProperties.swift */ = {isa = PBXFileReference; fileEncoding = 4; lastKnownFileType = sourcecode.swift; path = "WeatherDetailsData+CoreDataProperties.swift"; sourceTree = "<group>"; };
		77AF8CCE1E4B77A30086403B /* WeatherService.swift */ = {isa = PBXFileReference; fileEncoding = 4; lastKnownFileType = sourcecode.swift; path = WeatherService.swift; sourceTree = "<group>"; };
		77AF8CE51E4C88F50086403B /* WeatherForecastTableViewCell.swift */ = {isa = PBXFileReference; fileEncoding = 4; lastKnownFileType = sourcecode.swift; path = WeatherForecastTableViewCell.swift; sourceTree = "<group>"; };
		77D37C671E5329E7004EFB53 /* City.swift */ = {isa = PBXFileReference; fileEncoding = 4; lastKnownFileType = sourcecode.swift; path = City.swift; sourceTree = "<group>"; };
		77D37C681E5329E7004EFB53 /* Clouds.swift */ = {isa = PBXFileReference; fileEncoding = 4; lastKnownFileType = sourcecode.swift; path = Clouds.swift; sourceTree = "<group>"; };
		77D37C691E5329E7004EFB53 /* Coord.swift */ = {isa = PBXFileReference; fileEncoding = 4; lastKnownFileType = sourcecode.swift; path = Coord.swift; sourceTree = "<group>"; };
		77D37C6A1E5329E7004EFB53 /* Main.swift */ = {isa = PBXFileReference; fileEncoding = 4; lastKnownFileType = sourcecode.swift; path = Main.swift; sourceTree = "<group>"; };
		77D37C6B1E5329E7004EFB53 /* Rain.swift */ = {isa = PBXFileReference; fileEncoding = 4; lastKnownFileType = sourcecode.swift; path = Rain.swift; sourceTree = "<group>"; };
		77D37C6C1E5329E7004EFB53 /* WeatherDescription.swift */ = {isa = PBXFileReference; fileEncoding = 4; lastKnownFileType = sourcecode.swift; path = WeatherDescription.swift; sourceTree = "<group>"; };
		77D37C6D1E5329E7004EFB53 /* WeatherDetails.swift */ = {isa = PBXFileReference; fileEncoding = 4; lastKnownFileType = sourcecode.swift; path = WeatherDetails.swift; sourceTree = "<group>"; };
		77D37C6E1E5329E7004EFB53 /* WeatherResponse.swift */ = {isa = PBXFileReference; fileEncoding = 4; lastKnownFileType = sourcecode.swift; path = WeatherResponse.swift; sourceTree = "<group>"; };
		77D37C6F1E5329E7004EFB53 /* Wind.swift */ = {isa = PBXFileReference; fileEncoding = 4; lastKnownFileType = sourcecode.swift; path = Wind.swift; sourceTree = "<group>"; };
		877C0AF1383464012D24C879 /* DetailWeatherRouterInput.swift */ = {isa = PBXFileReference; includeInIndex = 1; lastKnownFileType = sourcecode.swift; path = DetailWeatherRouterInput.swift; sourceTree = "<group>"; };
		8805D6646DDA74C7C2256D44 /* DetailWeatherViewInput.swift */ = {isa = PBXFileReference; includeInIndex = 1; lastKnownFileType = sourcecode.swift; path = DetailWeatherViewInput.swift; sourceTree = "<group>"; };
		8C82FC449E51BF94B0E1559A /* WeatherForecastViewTests.swift */ = {isa = PBXFileReference; includeInIndex = 1; lastKnownFileType = sourcecode.swift; path = WeatherForecastViewTests.swift; sourceTree = "<group>"; };
		92C343FB7EE2FCE7F4FDFFD9 /* Pods-AwesomeWeather.release.xcconfig */ = {isa = PBXFileReference; includeInIndex = 1; lastKnownFileType = text.xcconfig; name = "Pods-AwesomeWeather.release.xcconfig"; path = "Pods/Target Support Files/Pods-AwesomeWeather/Pods-AwesomeWeather.release.xcconfig"; sourceTree = "<group>"; };
		946F1EBC923EE3C9201ABCEC /* DetailWeatherInteractor.swift */ = {isa = PBXFileReference; includeInIndex = 1; lastKnownFileType = sourcecode.swift; path = DetailWeatherInteractor.swift; sourceTree = "<group>"; };
		A17E597144C29EAC89BE0C7F /* DetailWeatherViewOutput.swift */ = {isa = PBXFileReference; includeInIndex = 1; lastKnownFileType = sourcecode.swift; path = DetailWeatherViewOutput.swift; sourceTree = "<group>"; };
		AE41D5197F27D49C17F52C6D /* WeatherForecastConfiguratorTests.swift */ = {isa = PBXFileReference; includeInIndex = 1; lastKnownFileType = sourcecode.swift; path = WeatherForecastConfiguratorTests.swift; sourceTree = "<group>"; };
		B1CA87987372D8CB0A5CAF55 /* DetailWeatherModuleInput.swift */ = {isa = PBXFileReference; includeInIndex = 1; lastKnownFileType = sourcecode.swift; path = DetailWeatherModuleInput.swift; sourceTree = "<group>"; };
		B66B9532E98A4F9D99F311A5 /* WeatherForecastPresenter.swift */ = {isa = PBXFileReference; includeInIndex = 1; lastKnownFileType = sourcecode.swift; path = WeatherForecastPresenter.swift; sourceTree = "<group>"; };
		BE7486AE4EE12B548E858FBD /* WeatherForecastViewController.swift */ = {isa = PBXFileReference; includeInIndex = 1; lastKnownFileType = sourcecode.swift; path = WeatherForecastViewController.swift; sourceTree = "<group>"; };
		C40DB917314C7FA69A6C3E71 /* DetailWeatherInteractorTests.swift */ = {isa = PBXFileReference; includeInIndex = 1; lastKnownFileType = sourcecode.swift; path = DetailWeatherInteractorTests.swift; sourceTree = "<group>"; };
		C57A4A3236142837F0C6F5FA /* Pods-AwesomeWeatherTests.debug.xcconfig */ = {isa = PBXFileReference; includeInIndex = 1; lastKnownFileType = text.xcconfig; name = "Pods-AwesomeWeatherTests.debug.xcconfig"; path = "Pods/Target Support Files/Pods-AwesomeWeatherTests/Pods-AwesomeWeatherTests.debug.xcconfig"; sourceTree = "<group>"; };
		D9D88CC781FCA7358E886399 /* WeatherForecastViewInput.swift */ = {isa = PBXFileReference; includeInIndex = 1; lastKnownFileType = sourcecode.swift; path = WeatherForecastViewInput.swift; sourceTree = "<group>"; };
		E0424DCAA12A72A65CA194C6 /* WeatherForecastPresenterTests.swift */ = {isa = PBXFileReference; includeInIndex = 1; lastKnownFileType = sourcecode.swift; path = WeatherForecastPresenterTests.swift; sourceTree = "<group>"; };
		FA7B69850B2345C48F69F485 /* Pods_AwesomeWeatherTests.framework */ = {isa = PBXFileReference; explicitFileType = wrapper.framework; includeInIndex = 0; path = Pods_AwesomeWeatherTests.framework; sourceTree = BUILT_PRODUCTS_DIR; };
/* End PBXFileReference section */

/* Begin PBXFrameworksBuildPhase section */
		77866AA81E4B04CD00AA9407 /* Frameworks */ = {
			isa = PBXFrameworksBuildPhase;
			buildActionMask = 2147483647;
			files = (
				A864AEF6EBC3DB3483721879 /* Pods_AwesomeWeather.framework in Frameworks */,
			);
			runOnlyForDeploymentPostprocessing = 0;
		};
		77866ABC1E4B04CD00AA9407 /* Frameworks */ = {
			isa = PBXFrameworksBuildPhase;
			buildActionMask = 2147483647;
			files = (
				9BA98BD5B95AAFD198EC77CD /* Pods_AwesomeWeatherTests.framework in Frameworks */,
			);
			runOnlyForDeploymentPostprocessing = 0;
		};
/* End PBXFrameworksBuildPhase section */

/* Begin PBXGroup section */
		05B0F02DF7D90CC5FEBD703F /* Pods */ = {
			isa = PBXGroup;
			children = (
				41A4D37C8EE29275B7207472 /* Pods-AwesomeWeather.debug.xcconfig */,
				92C343FB7EE2FCE7F4FDFFD9 /* Pods-AwesomeWeather.release.xcconfig */,
				C57A4A3236142837F0C6F5FA /* Pods-AwesomeWeatherTests.debug.xcconfig */,
				1E67DE163E08232008E2F14C /* Pods-AwesomeWeatherTests.release.xcconfig */,
			);
			name = Pods;
			sourceTree = "<group>";
		};
		0CD6B2283ECA379C259A3365 /* View */ = {
			isa = PBXGroup;
			children = (
				34D127484AFBF79C614F8634 /* DetailWeatherViewTests.swift */,
			);
			path = View;
			sourceTree = "<group>";
		};
		0FC209B2591A1DFA2FDC63C7 /* Router */ = {
			isa = PBXGroup;
			children = (
				35A474C257C6AD3370F7F60D /* WeatherForecastRouterInput.swift */,
				0DFF7D35B406952F5D25B3B3 /* WeatherForecastRouter.swift */,
			);
			path = Router;
			sourceTree = "<group>";
		};
		1BE04C67AC8921495C6BB792 /* Presenter */ = {
			isa = PBXGroup;
			children = (
				E0424DCAA12A72A65CA194C6 /* WeatherForecastPresenterTests.swift */,
			);
			path = Presenter;
			sourceTree = "<group>";
		};
		1C08CC0F0D0FB88BE8A5FB41 /* Configurator */ = {
			isa = PBXGroup;
			children = (
				4648C9496FA28E9210870D87 /* DetailWeatherConfiguratorTests.swift */,
			);
			path = Configurator;
			sourceTree = "<group>";
		};
		1D1F857C0F57413D83281AB8 /* WeatherForecast */ = {
			isa = PBXGroup;
			children = (
				77AD039C1E5335A700FE3932 /* Services */,
				9F95727A5A71276BC6BB5EAC /* View */,
				3CE7C83AFEF0F94499AF10A1 /* Presenter */,
				308F6A54C1532C84EF7F12F2 /* Interactor */,
				0FC209B2591A1DFA2FDC63C7 /* Router */,
				F068E4B6F45D27E998DC8B32 /* Configurator */,
			);
			path = WeatherForecast;
			sourceTree = "<group>";
		};
		2A275BACA0936578B3115966 /* Frameworks */ = {
			isa = PBXGroup;
			children = (
				3892A811F22066C4103A4DAC /* Pods_AwesomeWeather.framework */,
				FA7B69850B2345C48F69F485 /* Pods_AwesomeWeatherTests.framework */,
			);
			name = Frameworks;
			sourceTree = "<group>";
		};
		308F6A54C1532C84EF7F12F2 /* Interactor */ = {
			isa = PBXGroup;
			children = (
				2F36162634868D5572A2CF7D /* WeatherForecastInteractorInput.swift */,
				11F083A144BDBAC6DEAF8AF9 /* WeatherForecastInteractorOutput.swift */,
				036C29217DB951628619DA8A /* WeatherForecastInteractor.swift */,
			);
			path = Interactor;
			sourceTree = "<group>";
		};
		36C0584F4F4960A319CCB989 /* Presenter */ = {
			isa = PBXGroup;
			children = (
				63BD44A84ECA7A54824B2A0C /* DetailWeatherPresenterTests.swift */,
			);
			path = Presenter;
			sourceTree = "<group>";
		};
		3CE7C83AFEF0F94499AF10A1 /* Presenter */ = {
			isa = PBXGroup;
			children = (
				128A09837473A948A6DC5A1E /* WeatherForecastModuleInput.swift */,
				B66B9532E98A4F9D99F311A5 /* WeatherForecastPresenter.swift */,
			);
			path = Presenter;
			sourceTree = "<group>";
		};
		51CDA3C9778506EDEFA3A519 /* Router */ = {
			isa = PBXGroup;
			children = (
				4B2C7E13403DC34086EB2BDB /* WeatherForecastRouterTests.swift */,
			);
			path = Router;
			sourceTree = "<group>";
		};
		52009186E910E522B7E24F33 /* Modules */ = {
			isa = PBXGroup;
			children = (
				77A38B501E51B68B00C501E5 /* Application Layer */,
				1D1F857C0F57413D83281AB8 /* WeatherForecast */,
				97D605F1C5613489D420FEC6 /* DetailWeather */,
			);
			path = Modules;
			sourceTree = "<group>";
		};
		6052DA579319B1B8550EA8F3 /* Modules */ = {
			isa = PBXGroup;
			children = (
				7AB7B933B2257E72B2CF49A3 /* WeatherForecast */,
				CF4896751B15F9F9ACE02883 /* DetailWeather */,
			);
			path = Modules;
			sourceTree = "<group>";
		};
		77866AA21E4B04CD00AA9407 = {
			isa = PBXGroup;
			children = (
				77866AAD1E4B04CD00AA9407 /* AwesomeWeather */,
				77866AC21E4B04CD00AA9407 /* AwesomeWeatherTests */,
				77866AAC1E4B04CD00AA9407 /* Products */,
				05B0F02DF7D90CC5FEBD703F /* Pods */,
				2A275BACA0936578B3115966 /* Frameworks */,
			);
			sourceTree = "<group>";
		};
		77866AAC1E4B04CD00AA9407 /* Products */ = {
			isa = PBXGroup;
			children = (
				77866AAB1E4B04CD00AA9407 /* AwesomeWeather.app */,
				77866ABF1E4B04CD00AA9407 /* AwesomeWeatherTests.xctest */,
			);
			name = Products;
			sourceTree = "<group>";
		};
		77866AAD1E4B04CD00AA9407 /* AwesomeWeather */ = {
			isa = PBXGroup;
			children = (
				77AF8CD01E4C51D60086403B /* Models */,
				77AF8CCD1E4B777B0086403B /* Services */,
				77866ACE1E4B445500AA9407 /* Supporting Files */,
				77866AB21E4B04CD00AA9407 /* Main.storyboard */,
				52009186E910E522B7E24F33 /* Modules */,
			);
			path = AwesomeWeather;
			sourceTree = "<group>";
		};
		77866AC21E4B04CD00AA9407 /* AwesomeWeatherTests */ = {
			isa = PBXGroup;
			children = (
				77866AC31E4B04CD00AA9407 /* AwesomeWeatherTests.swift */,
				77866AC51E4B04CD00AA9407 /* Info.plist */,
				6052DA579319B1B8550EA8F3 /* Modules */,
			);
			path = AwesomeWeatherTests;
			sourceTree = "<group>";
		};
		77866ACE1E4B445500AA9407 /* Supporting Files */ = {
			isa = PBXGroup;
			children = (
				77866AAE1E4B04CD00AA9407 /* AppDelegate.swift */,
				77866AB51E4B04CD00AA9407 /* Assets.xcassets */,
				77866AB71E4B04CD00AA9407 /* LaunchScreen.storyboard */,
				77866ABA1E4B04CD00AA9407 /* Info.plist */,
				778545151E52FE7A00285F46 /* Basic.xcdatamodeld */,
			);
			name = "Supporting Files";
			sourceTree = "<group>";
		};
		77A38B501E51B68B00C501E5 /* Application Layer */ = {
			isa = PBXGroup;
			children = (
				77A38B511E51B68B00C501E5 /* ApplicationAssembly.swift */,
			);
			path = "Application Layer";
			sourceTree = "<group>";
		};
		77AD03991E532BC000FE3932 /* POSO */ = {
			isa = PBXGroup;
			children = (
				77AD039A1E532CBF00FE3932 /* Weather.swift */,
			);
			path = POSO;
			sourceTree = "<group>";
		};
		77AD039C1E5335A700FE3932 /* Services */ = {
			isa = PBXGroup;
			children = (
				77AD039D1E5335D800FE3932 /* WeatherProviderService.swift */,
				77AD039F1E544C9800FE3932 /* WeatherDataStoreService.swift */,
			);
			path = Services;
			sourceTree = "<group>";
		};
		77AF8CCD1E4B777B0086403B /* Services */ = {
			isa = PBXGroup;
			children = (
				778545111E52EFD700285F46 /* ServicesAssembly.swift */,
				77AF8CCE1E4B77A30086403B /* WeatherService.swift */,
				778545131E52FBF700285F46 /* DataService.swift */,
			);
			path = Services;
			sourceTree = "<group>";
		};
		77AF8CD01E4C51D60086403B /* Models */ = {
			isa = PBXGroup;
			children = (
				77AD03991E532BC000FE3932 /* POSO */,
				77D37C661E5329E7004EFB53 /* DTO */,
				77D37C601E530322004EFB53 /* CoreDataModels */,
			);
			path = Models;
			sourceTree = "<group>";
		};
		77D37C601E530322004EFB53 /* CoreDataModels */ = {
			isa = PBXGroup;
			children = (
				77AD03A11E55974800FE3932 /* WeatherDetailsData+CoreDataClass.swift */,
				77AD03A21E55974800FE3932 /* WeatherDetailsData+CoreDataProperties.swift */,
			);
			path = CoreDataModels;
			sourceTree = "<group>";
		};
		77D37C661E5329E7004EFB53 /* DTO */ = {
			isa = PBXGroup;
			children = (
				77D37C671E5329E7004EFB53 /* City.swift */,
				77D37C681E5329E7004EFB53 /* Clouds.swift */,
				77D37C691E5329E7004EFB53 /* Coord.swift */,
				77D37C6A1E5329E7004EFB53 /* Main.swift */,
				77D37C6B1E5329E7004EFB53 /* Rain.swift */,
				77D37C6C1E5329E7004EFB53 /* WeatherDescription.swift */,
				77D37C6D1E5329E7004EFB53 /* WeatherDetails.swift */,
				77D37C6E1E5329E7004EFB53 /* WeatherResponse.swift */,
				77D37C6F1E5329E7004EFB53 /* Wind.swift */,
			);
			path = DTO;
			sourceTree = "<group>";
		};
		7AB7B933B2257E72B2CF49A3 /* WeatherForecast */ = {
			isa = PBXGroup;
			children = (
				907D74ACC5FF784895150734 /* Configurator */,
				8BA8F81FF808E2F9157F054B /* View */,
				A4BBC89E5758870CFC858D44 /* Interactor */,
				1BE04C67AC8921495C6BB792 /* Presenter */,
				51CDA3C9778506EDEFA3A519 /* Router */,
			);
			path = WeatherForecast;
			sourceTree = "<group>";
		};
		8BA8F81FF808E2F9157F054B /* View */ = {
			isa = PBXGroup;
			children = (
				8C82FC449E51BF94B0E1559A /* WeatherForecastViewTests.swift */,
			);
			path = View;
			sourceTree = "<group>";
		};
		907D74ACC5FF784895150734 /* Configurator */ = {
			isa = PBXGroup;
			children = (
				AE41D5197F27D49C17F52C6D /* WeatherForecastConfiguratorTests.swift */,
			);
			path = Configurator;
			sourceTree = "<group>";
		};
		97D605F1C5613489D420FEC6 /* DetailWeather */ = {
			isa = PBXGroup;
			children = (
				EE5F8373073A8D7AD7E92D2D /* View */,
				A9E9524DC365C4990A74173D /* Presenter */,
				D36015582DBE3C34EB8E3AC2 /* Interactor */,
				C686D6D9407FD2DA2AE44F28 /* Router */,
				C978BA238A402D437ED3E010 /* Configurator */,
			);
			path = DetailWeather;
			sourceTree = "<group>";
		};
		9F95727A5A71276BC6BB5EAC /* View */ = {
			isa = PBXGroup;
			children = (
				D9D88CC781FCA7358E886399 /* WeatherForecastViewInput.swift */,
				316A64612F7E5D6EA958431E /* WeatherForecastViewOutput.swift */,
				BE7486AE4EE12B548E858FBD /* WeatherForecastViewController.swift */,
				77AF8CE51E4C88F50086403B /* WeatherForecastTableViewCell.swift */,
			);
			path = View;
			sourceTree = "<group>";
		};
		A4BBC89E5758870CFC858D44 /* Interactor */ = {
			isa = PBXGroup;
			children = (
				4867889233613FF763F2CD7E /* WeatherForecastInteractorTests.swift */,
			);
			path = Interactor;
			sourceTree = "<group>";
		};
		A9E9524DC365C4990A74173D /* Presenter */ = {
			isa = PBXGroup;
			children = (
				B1CA87987372D8CB0A5CAF55 /* DetailWeatherModuleInput.swift */,
				40715D1A1BA22C9E9C841749 /* DetailWeatherPresenter.swift */,
			);
			path = Presenter;
			sourceTree = "<group>";
		};
		B283FDE7D3D4B524B9E2092F /* Router */ = {
			isa = PBXGroup;
			children = (
				6B5D9B4A07457E50C3F7A5ED /* DetailWeatherRouterTests.swift */,
			);
			path = Router;
			sourceTree = "<group>";
		};
		C686D6D9407FD2DA2AE44F28 /* Router */ = {
			isa = PBXGroup;
			children = (
				877C0AF1383464012D24C879 /* DetailWeatherRouterInput.swift */,
				306C8DEB979B15D9A032A0AC /* DetailWeatherRouter.swift */,
			);
			path = Router;
			sourceTree = "<group>";
		};
		C727689C0604CC53ED0DA785 /* Interactor */ = {
			isa = PBXGroup;
			children = (
				C40DB917314C7FA69A6C3E71 /* DetailWeatherInteractorTests.swift */,
			);
			path = Interactor;
			sourceTree = "<group>";
		};
		C978BA238A402D437ED3E010 /* Configurator */ = {
			isa = PBXGroup;
			children = (
				77A38B4E1E51ABD900C501E5 /* DetailWeatherAssembly.swift */,
			);
			path = Configurator;
			sourceTree = "<group>";
		};
		CF4896751B15F9F9ACE02883 /* DetailWeather */ = {
			isa = PBXGroup;
			children = (
				1C08CC0F0D0FB88BE8A5FB41 /* Configurator */,
				0CD6B2283ECA379C259A3365 /* View */,
				C727689C0604CC53ED0DA785 /* Interactor */,
				36C0584F4F4960A319CCB989 /* Presenter */,
				B283FDE7D3D4B524B9E2092F /* Router */,
			);
			path = DetailWeather;
			sourceTree = "<group>";
		};
		D36015582DBE3C34EB8E3AC2 /* Interactor */ = {
			isa = PBXGroup;
			children = (
				1D0FE0B88435EBE90DB3114E /* DetailWeatherInteractorInput.swift */,
				2C4345F095E362CD7BF9EC2F /* DetailWeatherInteractorOutput.swift */,
				946F1EBC923EE3C9201ABCEC /* DetailWeatherInteractor.swift */,
			);
			path = Interactor;
			sourceTree = "<group>";
		};
		EE5F8373073A8D7AD7E92D2D /* View */ = {
			isa = PBXGroup;
			children = (
				8805D6646DDA74C7C2256D44 /* DetailWeatherViewInput.swift */,
				A17E597144C29EAC89BE0C7F /* DetailWeatherViewOutput.swift */,
				34762E65FD23E63F98435ED4 /* DetailWeatherViewController.swift */,
			);
			path = View;
			sourceTree = "<group>";
		};
		F068E4B6F45D27E998DC8B32 /* Configurator */ = {
			isa = PBXGroup;
			children = (
				77A38B4C1E519ED300C501E5 /* WeatherForecastAssembly.swift */,
			);
			path = Configurator;
			sourceTree = "<group>";
		};
/* End PBXGroup section */

/* Begin PBXNativeTarget section */
		77866AAA1E4B04CD00AA9407 /* AwesomeWeather */ = {
			isa = PBXNativeTarget;
			buildConfigurationList = 77866AC81E4B04CD00AA9407 /* Build configuration list for PBXNativeTarget "AwesomeWeather" */;
			buildPhases = (
				A60FBECB1220FFD5D614F393 /* [CP] Check Pods Manifest.lock */,
				77866AA71E4B04CD00AA9407 /* Sources */,
				77866AA81E4B04CD00AA9407 /* Frameworks */,
				77866AA91E4B04CD00AA9407 /* Resources */,
				737B617777805D67BFE9CD49 /* [CP] Embed Pods Frameworks */,
				D63FD690E5EF59A78371AED4 /* [CP] Copy Pods Resources */,
			);
			buildRules = (
			);
			dependencies = (
			);
			name = AwesomeWeather;
			productName = AwesomeWeather;
			productReference = 77866AAB1E4B04CD00AA9407 /* AwesomeWeather.app */;
			productType = "com.apple.product-type.application";
		};
		77866ABE1E4B04CD00AA9407 /* AwesomeWeatherTests */ = {
			isa = PBXNativeTarget;
			buildConfigurationList = 77866ACB1E4B04CD00AA9407 /* Build configuration list for PBXNativeTarget "AwesomeWeatherTests" */;
			buildPhases = (
				4C77DCEEE33BF0177B036AF8 /* [CP] Check Pods Manifest.lock */,
				77866ABB1E4B04CD00AA9407 /* Sources */,
				77866ABC1E4B04CD00AA9407 /* Frameworks */,
				77866ABD1E4B04CD00AA9407 /* Resources */,
				F92D7E8C4ACD180395EE6638 /* [CP] Embed Pods Frameworks */,
				F5568B85101880BAA4C45338 /* [CP] Copy Pods Resources */,
			);
			buildRules = (
			);
			dependencies = (
				77866AC11E4B04CD00AA9407 /* PBXTargetDependency */,
			);
			name = AwesomeWeatherTests;
			productName = AwesomeWeatherTests;
			productReference = 77866ABF1E4B04CD00AA9407 /* AwesomeWeatherTests.xctest */;
			productType = "com.apple.product-type.bundle.unit-test";
		};
/* End PBXNativeTarget section */

/* Begin PBXProject section */
		77866AA31E4B04CD00AA9407 /* Project object */ = {
			isa = PBXProject;
			attributes = {
				LastSwiftUpdateCheck = 0820;
				LastUpgradeCheck = 0820;
				ORGANIZATIONNAME = "Vadym Brusko";
				TargetAttributes = {
					77866AAA1E4B04CD00AA9407 = {
						CreatedOnToolsVersion = 8.2.1;
						ProvisioningStyle = Automatic;
					};
					77866ABE1E4B04CD00AA9407 = {
						CreatedOnToolsVersion = 8.2.1;
						ProvisioningStyle = Automatic;
						TestTargetID = 77866AAA1E4B04CD00AA9407;
					};
				};
			};
			buildConfigurationList = 77866AA61E4B04CD00AA9407 /* Build configuration list for PBXProject "AwesomeWeather" */;
			compatibilityVersion = "Xcode 3.2";
			developmentRegion = English;
			hasScannedForEncodings = 0;
			knownRegions = (
				en,
				Base,
			);
			mainGroup = 77866AA21E4B04CD00AA9407;
			productRefGroup = 77866AAC1E4B04CD00AA9407 /* Products */;
			projectDirPath = "";
			projectRoot = "";
			targets = (
				77866AAA1E4B04CD00AA9407 /* AwesomeWeather */,
				77866ABE1E4B04CD00AA9407 /* AwesomeWeatherTests */,
			);
		};
/* End PBXProject section */

/* Begin PBXResourcesBuildPhase section */
		77866AA91E4B04CD00AA9407 /* Resources */ = {
			isa = PBXResourcesBuildPhase;
			buildActionMask = 2147483647;
			files = (
				77866AB91E4B04CD00AA9407 /* LaunchScreen.storyboard in Resources */,
				77866AB61E4B04CD00AA9407 /* Assets.xcassets in Resources */,
				77866AB41E4B04CD00AA9407 /* Main.storyboard in Resources */,
			);
			runOnlyForDeploymentPostprocessing = 0;
		};
		77866ABD1E4B04CD00AA9407 /* Resources */ = {
			isa = PBXResourcesBuildPhase;
			buildActionMask = 2147483647;
			files = (
			);
			runOnlyForDeploymentPostprocessing = 0;
		};
/* End PBXResourcesBuildPhase section */

/* Begin PBXShellScriptBuildPhase section */
		4C77DCEEE33BF0177B036AF8 /* [CP] Check Pods Manifest.lock */ = {
			isa = PBXShellScriptBuildPhase;
			buildActionMask = 2147483647;
			files = (
			);
			inputPaths = (
			);
			name = "[CP] Check Pods Manifest.lock";
			outputPaths = (
			);
			runOnlyForDeploymentPostprocessing = 0;
			shellPath = /bin/sh;
			shellScript = "diff \"${PODS_ROOT}/../Podfile.lock\" \"${PODS_ROOT}/Manifest.lock\" > /dev/null\nif [ $? != 0 ] ; then\n    # print error to STDERR\n    echo \"error: The sandbox is not in sync with the Podfile.lock. Run 'pod install' or update your CocoaPods installation.\" >&2\n    exit 1\nfi\n";
			showEnvVarsInLog = 0;
		};
		737B617777805D67BFE9CD49 /* [CP] Embed Pods Frameworks */ = {
			isa = PBXShellScriptBuildPhase;
			buildActionMask = 2147483647;
			files = (
			);
			inputPaths = (
			);
			name = "[CP] Embed Pods Frameworks";
			outputPaths = (
			);
			runOnlyForDeploymentPostprocessing = 0;
			shellPath = /bin/sh;
			shellScript = "\"${SRCROOT}/Pods/Target Support Files/Pods-AwesomeWeather/Pods-AwesomeWeather-frameworks.sh\"\n";
			showEnvVarsInLog = 0;
		};
		A60FBECB1220FFD5D614F393 /* [CP] Check Pods Manifest.lock */ = {
			isa = PBXShellScriptBuildPhase;
			buildActionMask = 2147483647;
			files = (
			);
			inputPaths = (
			);
			name = "[CP] Check Pods Manifest.lock";
			outputPaths = (
			);
			runOnlyForDeploymentPostprocessing = 0;
			shellPath = /bin/sh;
			shellScript = "diff \"${PODS_ROOT}/../Podfile.lock\" \"${PODS_ROOT}/Manifest.lock\" > /dev/null\nif [ $? != 0 ] ; then\n    # print error to STDERR\n    echo \"error: The sandbox is not in sync with the Podfile.lock. Run 'pod install' or update your CocoaPods installation.\" >&2\n    exit 1\nfi\n";
			showEnvVarsInLog = 0;
		};
		D63FD690E5EF59A78371AED4 /* [CP] Copy Pods Resources */ = {
			isa = PBXShellScriptBuildPhase;
			buildActionMask = 2147483647;
			files = (
			);
			inputPaths = (
			);
			name = "[CP] Copy Pods Resources";
			outputPaths = (
			);
			runOnlyForDeploymentPostprocessing = 0;
			shellPath = /bin/sh;
			shellScript = "\"${SRCROOT}/Pods/Target Support Files/Pods-AwesomeWeather/Pods-AwesomeWeather-resources.sh\"\n";
			showEnvVarsInLog = 0;
		};
		F5568B85101880BAA4C45338 /* [CP] Copy Pods Resources */ = {
			isa = PBXShellScriptBuildPhase;
			buildActionMask = 2147483647;
			files = (
			);
			inputPaths = (
			);
			name = "[CP] Copy Pods Resources";
			outputPaths = (
			);
			runOnlyForDeploymentPostprocessing = 0;
			shellPath = /bin/sh;
			shellScript = "\"${SRCROOT}/Pods/Target Support Files/Pods-AwesomeWeatherTests/Pods-AwesomeWeatherTests-resources.sh\"\n";
			showEnvVarsInLog = 0;
		};
		F92D7E8C4ACD180395EE6638 /* [CP] Embed Pods Frameworks */ = {
			isa = PBXShellScriptBuildPhase;
			buildActionMask = 2147483647;
			files = (
			);
			inputPaths = (
			);
			name = "[CP] Embed Pods Frameworks";
			outputPaths = (
			);
			runOnlyForDeploymentPostprocessing = 0;
			shellPath = /bin/sh;
			shellScript = "\"${SRCROOT}/Pods/Target Support Files/Pods-AwesomeWeatherTests/Pods-AwesomeWeatherTests-frameworks.sh\"\n";
			showEnvVarsInLog = 0;
		};
/* End PBXShellScriptBuildPhase section */

/* Begin PBXSourcesBuildPhase section */
		77866AA71E4B04CD00AA9407 /* Sources */ = {
			isa = PBXSourcesBuildPhase;
			buildActionMask = 2147483647;
			files = (
				77AD039B1E532CBF00FE3932 /* Weather.swift in Sources */,
				77D37C751E5329E7004EFB53 /* WeatherDescription.swift in Sources */,
				77D37C731E5329E7004EFB53 /* Main.swift in Sources */,
				77A38B521E51B68B00C501E5 /* ApplicationAssembly.swift in Sources */,
				77D37C721E5329E7004EFB53 /* Coord.swift in Sources */,
				77866AAF1E4B04CD00AA9407 /* AppDelegate.swift in Sources */,
				77D37C781E5329E7004EFB53 /* Wind.swift in Sources */,
				8A0E0E7ADCBA236553109E43 /* WeatherForecastViewInput.swift in Sources */,
				F6D9812973460ABC9DFC7852 /* WeatherForecastViewOutput.swift in Sources */,
				356E0931E3F0B1FE4CB299B5 /* WeatherForecastViewController.swift in Sources */,
				EAFF189BD36E74ED501482F7 /* WeatherForecastModuleInput.swift in Sources */,
				63217B06D2B7210DFA309218 /* WeatherForecastPresenter.swift in Sources */,
				77AD039E1E5335D800FE3932 /* WeatherProviderService.swift in Sources */,
				77AF8CCF1E4B77A30086403B /* WeatherService.swift in Sources */,
				77AF8CE61E4C88F50086403B /* WeatherForecastTableViewCell.swift in Sources */,
				2F0445171078AE54B45A2410 /* WeatherForecastInteractorInput.swift in Sources */,
				9188658DAB3FC7EB4436C609 /* WeatherForecastInteractorOutput.swift in Sources */,
				833176CB4EEA50D023C3D041 /* WeatherForecastInteractor.swift in Sources */,
				0EFCA6545082A829E578B73C /* WeatherForecastRouterInput.swift in Sources */,
				BC10E788DF098F2D1EA4124A /* WeatherForecastRouter.swift in Sources */,
				778545141E52FBF700285F46 /* DataService.swift in Sources */,
				77D37C701E5329E7004EFB53 /* City.swift in Sources */,
				778545171E52FE7A00285F46 /* Basic.xcdatamodeld in Sources */,
				7EF40FB7D6ECFD7FEAE24C27 /* DetailWeatherViewInput.swift in Sources */,
				77D37C771E5329E7004EFB53 /* WeatherResponse.swift in Sources */,
				77A38B4F1E51ABD900C501E5 /* DetailWeatherAssembly.swift in Sources */,
				778545121E52EFD700285F46 /* ServicesAssembly.swift in Sources */,
				77D37C741E5329E7004EFB53 /* Rain.swift in Sources */,
				31E3B2AE397998096C8723DD /* DetailWeatherViewOutput.swift in Sources */,
				77D37C761E5329E7004EFB53 /* WeatherDetails.swift in Sources */,
				4A4A64802D7A31D03B3138CC /* DetailWeatherViewController.swift in Sources */,
				0B81953AA08F77FBC99E2A13 /* DetailWeatherModuleInput.swift in Sources */,
				77AD03A01E544C9800FE3932 /* WeatherDataStoreService.swift in Sources */,
				77A38B4D1E519ED300C501E5 /* WeatherForecastAssembly.swift in Sources */,
				4FE5D051DE19A541B6BECA60 /* DetailWeatherPresenter.swift in Sources */,
				77AD03A41E55974800FE3932 /* WeatherDetailsData+CoreDataProperties.swift in Sources */,
				211B1290DBA88BDEF9FCC8C7 /* DetailWeatherInteractorInput.swift in Sources */,
				D6AA89408949F8D3ECD362FE /* DetailWeatherInteractorOutput.swift in Sources */,
				133645309E876FBE9957E880 /* DetailWeatherInteractor.swift in Sources */,
				77D37C711E5329E7004EFB53 /* Clouds.swift in Sources */,
				77AD03A31E55974800FE3932 /* WeatherDetailsData+CoreDataClass.swift in Sources */,
				D1D2C170D0CC65382A9B4CF8 /* DetailWeatherRouterInput.swift in Sources */,
				2C376C850B227B4B21CD96F3 /* DetailWeatherRouter.swift in Sources */,
			);
			runOnlyForDeploymentPostprocessing = 0;
		};
		77866ABB1E4B04CD00AA9407 /* Sources */ = {
			isa = PBXSourcesBuildPhase;
			buildActionMask = 2147483647;
			files = (
				77866AC41E4B04CD00AA9407 /* AwesomeWeatherTests.swift in Sources */,
				04355A5F12316F5CE6A8E4FC /* WeatherForecastConfiguratorTests.swift in Sources */,
				30B6F3EADDA4F77685C547CD /* WeatherForecastViewTests.swift in Sources */,
				81AF0E8ACD2D63EE9B861092 /* WeatherForecastInteractorTests.swift in Sources */,
				B84C29FAFC2684B3E388525E /* WeatherForecastPresenterTests.swift in Sources */,
				1DCB4C16E11C683A60FAF32F /* WeatherForecastRouterTests.swift in Sources */,
				F693FF9605773ACE37CB0702 /* DetailWeatherConfiguratorTests.swift in Sources */,
				557D4DB57B50E4D96AB801DF /* DetailWeatherViewTests.swift in Sources */,
				9AFD55BE254219C2A8B89E5F /* DetailWeatherInteractorTests.swift in Sources */,
				F404771C4B2755C9E6AF6BF4 /* DetailWeatherPresenterTests.swift in Sources */,
				EED386506431CC2E20F04F8A /* DetailWeatherRouterTests.swift in Sources */,
			);
			runOnlyForDeploymentPostprocessing = 0;
		};
/* End PBXSourcesBuildPhase section */

/* Begin PBXTargetDependency section */
		77866AC11E4B04CD00AA9407 /* PBXTargetDependency */ = {
			isa = PBXTargetDependency;
			target = 77866AAA1E4B04CD00AA9407 /* AwesomeWeather */;
			targetProxy = 77866AC01E4B04CD00AA9407 /* PBXContainerItemProxy */;
		};
/* End PBXTargetDependency section */

/* Begin PBXVariantGroup section */
		77866AB21E4B04CD00AA9407 /* Main.storyboard */ = {
			isa = PBXVariantGroup;
			children = (
				77866AB31E4B04CD00AA9407 /* Base */,
			);
			name = Main.storyboard;
			sourceTree = "<group>";
		};
		77866AB71E4B04CD00AA9407 /* LaunchScreen.storyboard */ = {
			isa = PBXVariantGroup;
			children = (
				77866AB81E4B04CD00AA9407 /* Base */,
			);
			name = LaunchScreen.storyboard;
			sourceTree = "<group>";
		};
/* End PBXVariantGroup section */

/* Begin XCBuildConfiguration section */
		77866AC61E4B04CD00AA9407 /* Debug */ = {
			isa = XCBuildConfiguration;
			buildSettings = {
				ALWAYS_SEARCH_USER_PATHS = NO;
				CLANG_ANALYZER_NONNULL = YES;
				CLANG_CXX_LANGUAGE_STANDARD = "gnu++0x";
				CLANG_CXX_LIBRARY = "libc++";
				CLANG_ENABLE_MODULES = YES;
				CLANG_ENABLE_OBJC_ARC = YES;
				CLANG_WARN_BOOL_CONVERSION = YES;
				CLANG_WARN_CONSTANT_CONVERSION = YES;
				CLANG_WARN_DIRECT_OBJC_ISA_USAGE = YES_ERROR;
				CLANG_WARN_DOCUMENTATION_COMMENTS = YES;
				CLANG_WARN_EMPTY_BODY = YES;
				CLANG_WARN_ENUM_CONVERSION = YES;
				CLANG_WARN_INFINITE_RECURSION = YES;
				CLANG_WARN_INT_CONVERSION = YES;
				CLANG_WARN_OBJC_ROOT_CLASS = YES_ERROR;
				CLANG_WARN_SUSPICIOUS_MOVE = YES;
				CLANG_WARN_UNREACHABLE_CODE = YES;
				CLANG_WARN__DUPLICATE_METHOD_MATCH = YES;
				"CODE_SIGN_IDENTITY[sdk=iphoneos*]" = "iPhone Developer";
				COPY_PHASE_STRIP = NO;
				DEBUG_INFORMATION_FORMAT = dwarf;
				ENABLE_STRICT_OBJC_MSGSEND = YES;
				ENABLE_TESTABILITY = YES;
				GCC_C_LANGUAGE_STANDARD = gnu99;
				GCC_DYNAMIC_NO_PIC = NO;
				GCC_NO_COMMON_BLOCKS = YES;
				GCC_OPTIMIZATION_LEVEL = 0;
				GCC_PREPROCESSOR_DEFINITIONS = (
					"DEBUG=1",
					"$(inherited)",
				);
				GCC_WARN_64_TO_32_BIT_CONVERSION = YES;
				GCC_WARN_ABOUT_RETURN_TYPE = YES_ERROR;
				GCC_WARN_UNDECLARED_SELECTOR = YES;
				GCC_WARN_UNINITIALIZED_AUTOS = YES_AGGRESSIVE;
				GCC_WARN_UNUSED_FUNCTION = YES;
				GCC_WARN_UNUSED_VARIABLE = YES;
				IPHONEOS_DEPLOYMENT_TARGET = 10.2;
				MTL_ENABLE_DEBUG_INFO = YES;
				ONLY_ACTIVE_ARCH = YES;
				SDKROOT = iphoneos;
				SWIFT_ACTIVE_COMPILATION_CONDITIONS = DEBUG;
				SWIFT_OPTIMIZATION_LEVEL = "-Onone";
				TARGETED_DEVICE_FAMILY = "1,2";
			};
			name = Debug;
		};
		77866AC71E4B04CD00AA9407 /* Release */ = {
			isa = XCBuildConfiguration;
			buildSettings = {
				ALWAYS_SEARCH_USER_PATHS = NO;
				CLANG_ANALYZER_NONNULL = YES;
				CLANG_CXX_LANGUAGE_STANDARD = "gnu++0x";
				CLANG_CXX_LIBRARY = "libc++";
				CLANG_ENABLE_MODULES = YES;
				CLANG_ENABLE_OBJC_ARC = YES;
				CLANG_WARN_BOOL_CONVERSION = YES;
				CLANG_WARN_CONSTANT_CONVERSION = YES;
				CLANG_WARN_DIRECT_OBJC_ISA_USAGE = YES_ERROR;
				CLANG_WARN_DOCUMENTATION_COMMENTS = YES;
				CLANG_WARN_EMPTY_BODY = YES;
				CLANG_WARN_ENUM_CONVERSION = YES;
				CLANG_WARN_INFINITE_RECURSION = YES;
				CLANG_WARN_INT_CONVERSION = YES;
				CLANG_WARN_OBJC_ROOT_CLASS = YES_ERROR;
				CLANG_WARN_SUSPICIOUS_MOVE = YES;
				CLANG_WARN_UNREACHABLE_CODE = YES;
				CLANG_WARN__DUPLICATE_METHOD_MATCH = YES;
				"CODE_SIGN_IDENTITY[sdk=iphoneos*]" = "iPhone Developer";
				COPY_PHASE_STRIP = NO;
				DEBUG_INFORMATION_FORMAT = "dwarf-with-dsym";
				ENABLE_NS_ASSERTIONS = NO;
				ENABLE_STRICT_OBJC_MSGSEND = YES;
				GCC_C_LANGUAGE_STANDARD = gnu99;
				GCC_NO_COMMON_BLOCKS = YES;
				GCC_WARN_64_TO_32_BIT_CONVERSION = YES;
				GCC_WARN_ABOUT_RETURN_TYPE = YES_ERROR;
				GCC_WARN_UNDECLARED_SELECTOR = YES;
				GCC_WARN_UNINITIALIZED_AUTOS = YES_AGGRESSIVE;
				GCC_WARN_UNUSED_FUNCTION = YES;
				GCC_WARN_UNUSED_VARIABLE = YES;
				IPHONEOS_DEPLOYMENT_TARGET = 10.2;
				MTL_ENABLE_DEBUG_INFO = NO;
				SDKROOT = iphoneos;
				SWIFT_OPTIMIZATION_LEVEL = "-Owholemodule";
				TARGETED_DEVICE_FAMILY = "1,2";
				VALIDATE_PRODUCT = YES;
			};
			name = Release;
		};
		77866AC91E4B04CD00AA9407 /* Debug */ = {
			isa = XCBuildConfiguration;
			baseConfigurationReference = 41A4D37C8EE29275B7207472 /* Pods-AwesomeWeather.debug.xcconfig */;
			buildSettings = {
				ASSETCATALOG_COMPILER_APPICON_NAME = AppIcon;
				INFOPLIST_FILE = AwesomeWeather/Info.plist;
				LD_RUNPATH_SEARCH_PATHS = "$(inherited) @executable_path/Frameworks";
				PRODUCT_BUNDLE_IDENTIFIER = com.ciklum.AwesomeWeather;
				PRODUCT_NAME = "$(TARGET_NAME)";
				SWIFT_VERSION = 3.0;
			};
			name = Debug;
		};
		77866ACA1E4B04CD00AA9407 /* Release */ = {
			isa = XCBuildConfiguration;
			baseConfigurationReference = 92C343FB7EE2FCE7F4FDFFD9 /* Pods-AwesomeWeather.release.xcconfig */;
			buildSettings = {
				ASSETCATALOG_COMPILER_APPICON_NAME = AppIcon;
				INFOPLIST_FILE = AwesomeWeather/Info.plist;
				LD_RUNPATH_SEARCH_PATHS = "$(inherited) @executable_path/Frameworks";
				PRODUCT_BUNDLE_IDENTIFIER = com.ciklum.AwesomeWeather;
				PRODUCT_NAME = "$(TARGET_NAME)";
				SWIFT_VERSION = 3.0;
			};
			name = Release;
		};
		77866ACC1E4B04CD00AA9407 /* Debug */ = {
			isa = XCBuildConfiguration;
			baseConfigurationReference = C57A4A3236142837F0C6F5FA /* Pods-AwesomeWeatherTests.debug.xcconfig */;
			buildSettings = {
				ALWAYS_EMBED_SWIFT_STANDARD_LIBRARIES = YES;
				BUNDLE_LOADER = "$(TEST_HOST)";
				INFOPLIST_FILE = AwesomeWeatherTests/Info.plist;
				LD_RUNPATH_SEARCH_PATHS = "$(inherited) @executable_path/Frameworks @loader_path/Frameworks";
				PRODUCT_BUNDLE_IDENTIFIER = com.ciklum.AwesomeWeatherTests;
				PRODUCT_NAME = "$(TARGET_NAME)";
				SWIFT_VERSION = 3.0;
				TEST_HOST = "$(BUILT_PRODUCTS_DIR)/AwesomeWeather.app/AwesomeWeather";
			};
			name = Debug;
		};
		77866ACD1E4B04CD00AA9407 /* Release */ = {
			isa = XCBuildConfiguration;
			baseConfigurationReference = 1E67DE163E08232008E2F14C /* Pods-AwesomeWeatherTests.release.xcconfig */;
			buildSettings = {
				ALWAYS_EMBED_SWIFT_STANDARD_LIBRARIES = YES;
				BUNDLE_LOADER = "$(TEST_HOST)";
				INFOPLIST_FILE = AwesomeWeatherTests/Info.plist;
				LD_RUNPATH_SEARCH_PATHS = "$(inherited) @executable_path/Frameworks @loader_path/Frameworks";
				PRODUCT_BUNDLE_IDENTIFIER = com.ciklum.AwesomeWeatherTests;
				PRODUCT_NAME = "$(TARGET_NAME)";
				SWIFT_VERSION = 3.0;
				TEST_HOST = "$(BUILT_PRODUCTS_DIR)/AwesomeWeather.app/AwesomeWeather";
			};
			name = Release;
		};
/* End XCBuildConfiguration section */

/* Begin XCConfigurationList section */
		77866AA61E4B04CD00AA9407 /* Build configuration list for PBXProject "AwesomeWeather" */ = {
			isa = XCConfigurationList;
			buildConfigurations = (
				77866AC61E4B04CD00AA9407 /* Debug */,
				77866AC71E4B04CD00AA9407 /* Release */,
			);
			defaultConfigurationIsVisible = 0;
			defaultConfigurationName = Release;
		};
		77866AC81E4B04CD00AA9407 /* Build configuration list for PBXNativeTarget "AwesomeWeather" */ = {
			isa = XCConfigurationList;
			buildConfigurations = (
				77866AC91E4B04CD00AA9407 /* Debug */,
				77866ACA1E4B04CD00AA9407 /* Release */,
			);
			defaultConfigurationIsVisible = 0;
			defaultConfigurationName = Release;
		};
		77866ACB1E4B04CD00AA9407 /* Build configuration list for PBXNativeTarget "AwesomeWeatherTests" */ = {
			isa = XCConfigurationList;
			buildConfigurations = (
				77866ACC1E4B04CD00AA9407 /* Debug */,
				77866ACD1E4B04CD00AA9407 /* Release */,
			);
			defaultConfigurationIsVisible = 0;
			defaultConfigurationName = Release;
		};
/* End XCConfigurationList section */

/* Begin XCVersionGroup section */
		778545151E52FE7A00285F46 /* Basic.xcdatamodeld */ = {
			isa = XCVersionGroup;
			children = (
				778545161E52FE7A00285F46 /* Basic.xcdatamodel */,
			);
			currentVersion = 778545161E52FE7A00285F46 /* Basic.xcdatamodel */;
			path = Basic.xcdatamodeld;
			sourceTree = "<group>";
			versionGroupType = wrapper.xcdatamodel;
		};
/* End XCVersionGroup section */
	};
	rootObject = 77866AA31E4B04CD00AA9407 /* Project object */;
}
